// !$*UTF8*$!
{
	archiveVersion = 1;
	classes = {
	};
	objectVersion = 46;
	objects = {

/* Begin PBXBuildFile section */
		AD502F461ED5D10F002BDAD6 /* Core.framework in Frameworks */ = {isa = PBXBuildFile; fileRef = AD502F3F1ED5D0E6002BDAD6 /* Core.framework */; };
		AD502F471ED5D10F002BDAD6 /* Core.framework in Embed Frameworks */ = {isa = PBXBuildFile; fileRef = AD502F3F1ED5D0E6002BDAD6 /* Core.framework */; settings = {ATTRIBUTES = (CodeSignOnCopy, RemoveHeadersOnCopy, ); }; };
		AD9FA8061ED478BC00FBEE88 /* AppDelegate.swift in Sources */ = {isa = PBXBuildFile; fileRef = AD9FA8051ED478BC00FBEE88 /* AppDelegate.swift */; };
		AD9FA8081ED478BC00FBEE88 /* ViewController.swift in Sources */ = {isa = PBXBuildFile; fileRef = AD9FA8071ED478BC00FBEE88 /* ViewController.swift */; };
		AD9FA80B1ED478BC00FBEE88 /* Main.storyboard in Resources */ = {isa = PBXBuildFile; fileRef = AD9FA8091ED478BC00FBEE88 /* Main.storyboard */; };
		AD9FA80D1ED478BC00FBEE88 /* Assets.xcassets in Resources */ = {isa = PBXBuildFile; fileRef = AD9FA80C1ED478BC00FBEE88 /* Assets.xcassets */; };
		AD9FA8101ED478BC00FBEE88 /* LaunchScreen.storyboard in Resources */ = {isa = PBXBuildFile; fileRef = AD9FA80E1ED478BC00FBEE88 /* LaunchScreen.storyboard */; };
		DB86AA88EE33F1E1622CEB94 /* Pods_Splash.framework in Frameworks */ = {isa = PBXBuildFile; fileRef = 007E7FCEAE0A1F5C692B4B60 /* Pods_Splash.framework */; };
/* End PBXBuildFile section */

/* Begin PBXContainerItemProxy section */
		AD502F3E1ED5D0E6002BDAD6 /* PBXContainerItemProxy */ = {
			isa = PBXContainerItemProxy;
			containerPortal = AD502F391ED5D0E6002BDAD6 /* Core.xcodeproj */;
			proxyType = 2;
			remoteGlobalIDString = AD8EB9A31ED5C5E50096E33B;
			remoteInfo = Core;
		};
		AD502F401ED5D0E6002BDAD6 /* PBXContainerItemProxy */ = {
			isa = PBXContainerItemProxy;
			containerPortal = AD502F391ED5D0E6002BDAD6 /* Core.xcodeproj */;
			proxyType = 2;
			remoteGlobalIDString = AD8EB9AC1ED5C5E50096E33B;
			remoteInfo = CoreTests;
		};
		AD502F481ED5D10F002BDAD6 /* PBXContainerItemProxy */ = {
			isa = PBXContainerItemProxy;
			containerPortal = AD502F391ED5D0E6002BDAD6 /* Core.xcodeproj */;
			proxyType = 1;
			remoteGlobalIDString = AD8EB9A21ED5C5E50096E33B;
			remoteInfo = Core;
		};
/* End PBXContainerItemProxy section */

/* Begin PBXCopyFilesBuildPhase section */
		AD8EB9F61ED5CF6F0096E33B /* Embed Frameworks */ = {
			isa = PBXCopyFilesBuildPhase;
			buildActionMask = 2147483647;
			dstPath = "";
			dstSubfolderSpec = 10;
			files = (
				AD502F471ED5D10F002BDAD6 /* Core.framework in Embed Frameworks */,
			);
			name = "Embed Frameworks";
			runOnlyForDeploymentPostprocessing = 0;
		};
/* End PBXCopyFilesBuildPhase section */

/* Begin PBXFileReference section */
		007E7FCEAE0A1F5C692B4B60 /* Pods_Splash.framework */ = {isa = PBXFileReference; explicitFileType = wrapper.framework; includeInIndex = 0; path = Pods_Splash.framework; sourceTree = BUILT_PRODUCTS_DIR; };
		62B3ECC0BBD1DC51439066BA /* Pods-Splash.release.xcconfig */ = {isa = PBXFileReference; includeInIndex = 1; lastKnownFileType = text.xcconfig; name = "Pods-Splash.release.xcconfig"; path = "Pods/Target Support Files/Pods-Splash/Pods-Splash.release.xcconfig"; sourceTree = "<group>"; };
		AD502F391ED5D0E6002BDAD6 /* Core.xcodeproj */ = {isa = PBXFileReference; lastKnownFileType = "wrapper.pb-project"; path = Core.xcodeproj; sourceTree = "<group>"; };
		AD9FA8021ED478BC00FBEE88 /* Splash.app */ = {isa = PBXFileReference; explicitFileType = wrapper.application; includeInIndex = 0; path = Splash.app; sourceTree = BUILT_PRODUCTS_DIR; };
		AD9FA8051ED478BC00FBEE88 /* AppDelegate.swift */ = {isa = PBXFileReference; lastKnownFileType = sourcecode.swift; path = AppDelegate.swift; sourceTree = "<group>"; };
		AD9FA8071ED478BC00FBEE88 /* ViewController.swift */ = {isa = PBXFileReference; lastKnownFileType = sourcecode.swift; path = ViewController.swift; sourceTree = "<group>"; };
		AD9FA80A1ED478BC00FBEE88 /* Base */ = {isa = PBXFileReference; lastKnownFileType = file.storyboard; name = Base; path = Base.lproj/Main.storyboard; sourceTree = "<group>"; };
		AD9FA80C1ED478BC00FBEE88 /* Assets.xcassets */ = {isa = PBXFileReference; lastKnownFileType = folder.assetcatalog; path = Assets.xcassets; sourceTree = "<group>"; };
		AD9FA80F1ED478BC00FBEE88 /* Base */ = {isa = PBXFileReference; lastKnownFileType = file.storyboard; name = Base; path = Base.lproj/LaunchScreen.storyboard; sourceTree = "<group>"; };
		AD9FA8111ED478BC00FBEE88 /* Info.plist */ = {isa = PBXFileReference; lastKnownFileType = text.plist.xml; path = Info.plist; sourceTree = "<group>"; };
		DAAEBB29B790A51D9900D5A2 /* Pods-Splash.debug.xcconfig */ = {isa = PBXFileReference; includeInIndex = 1; lastKnownFileType = text.xcconfig; name = "Pods-Splash.debug.xcconfig"; path = "Pods/Target Support Files/Pods-Splash/Pods-Splash.debug.xcconfig"; sourceTree = "<group>"; };
/* End PBXFileReference section */

/* Begin PBXFrameworksBuildPhase section */
		AD9FA7FF1ED478BC00FBEE88 /* Frameworks */ = {
			isa = PBXFrameworksBuildPhase;
			buildActionMask = 2147483647;
			files = (
				DB86AA88EE33F1E1622CEB94 /* Pods_Splash.framework in Frameworks */,
				AD502F461ED5D10F002BDAD6 /* Core.framework in Frameworks */,
			);
			runOnlyForDeploymentPostprocessing = 0;
		};
/* End PBXFrameworksBuildPhase section */

/* Begin PBXGroup section */
		598F54AC3D9CFC4DA2E0BBDF /* Frameworks */ = {
			isa = PBXGroup;
			children = (
				007E7FCEAE0A1F5C692B4B60 /* Pods_Splash.framework */,
			);
			name = Frameworks;
			sourceTree = "<group>";
		};
		7A41649414EC510A70FF644D /* Pods */ = {
			isa = PBXGroup;
			children = (
				DAAEBB29B790A51D9900D5A2 /* Pods-Splash.debug.xcconfig */,
				62B3ECC0BBD1DC51439066BA /* Pods-Splash.release.xcconfig */,
			);
			name = Pods;
			sourceTree = "<group>";
		};
		AD502F3A1ED5D0E6002BDAD6 /* Products */ = {
			isa = PBXGroup;
			children = (
				AD502F3F1ED5D0E6002BDAD6 /* Core.framework */,
				AD502F411ED5D0E6002BDAD6 /* CoreTests.xctest */,
			);
			name = Products;
			sourceTree = "<group>";
		};
		AD9FA7F91ED478BC00FBEE88 = {
			isa = PBXGroup;
			children = (
				AD502F391ED5D0E6002BDAD6 /* Core.xcodeproj */,
				AD9FA8041ED478BC00FBEE88 /* Splash */,
				AD9FA8031ED478BC00FBEE88 /* Products */,
				7A41649414EC510A70FF644D /* Pods */,
				598F54AC3D9CFC4DA2E0BBDF /* Frameworks */,
			);
			sourceTree = "<group>";
		};
		AD9FA8031ED478BC00FBEE88 /* Products */ = {
			isa = PBXGroup;
			children = (
				AD9FA8021ED478BC00FBEE88 /* Splash.app */,
			);
			name = Products;
			sourceTree = "<group>";
		};
		AD9FA8041ED478BC00FBEE88 /* Splash */ = {
			isa = PBXGroup;
			children = (
				AD9FA8051ED478BC00FBEE88 /* AppDelegate.swift */,
				AD9FA8071ED478BC00FBEE88 /* ViewController.swift */,
				AD9FA8091ED478BC00FBEE88 /* Main.storyboard */,
				AD9FA80C1ED478BC00FBEE88 /* Assets.xcassets */,
				AD9FA80E1ED478BC00FBEE88 /* LaunchScreen.storyboard */,
				AD9FA8111ED478BC00FBEE88 /* Info.plist */,
			);
			path = Splash;
			sourceTree = "<group>";
		};
/* End PBXGroup section */

/* Begin PBXNativeTarget section */
		AD9FA8011ED478BC00FBEE88 /* Splash */ = {
			isa = PBXNativeTarget;
			buildConfigurationList = AD9FA8141ED478BC00FBEE88 /* Build configuration list for PBXNativeTarget "Splash" */;
			buildPhases = (
				805CCC7921F31BA1C49B1B4F /* [CP] Check Pods Manifest.lock */,
				AD9FA7FE1ED478BC00FBEE88 /* Sources */,
				AD9FA7FF1ED478BC00FBEE88 /* Frameworks */,
				AD9FA8001ED478BC00FBEE88 /* Resources */,
				AD8EB9F61ED5CF6F0096E33B /* Embed Frameworks */,
				D27CE2230559A3C2CBBC4C39 /* [CP] Embed Pods Frameworks */,
				01EA5B65860059D4271E58F4 /* [CP] Copy Pods Resources */,
			);
			buildRules = (
			);
			dependencies = (
				AD502F491ED5D10F002BDAD6 /* PBXTargetDependency */,
			);
			name = Splash;
			productName = Splash;
			productReference = AD9FA8021ED478BC00FBEE88 /* Splash.app */;
			productType = "com.apple.product-type.application";
		};
/* End PBXNativeTarget section */

/* Begin PBXProject section */
		AD9FA7FA1ED478BC00FBEE88 /* Project object */ = {
			isa = PBXProject;
			attributes = {
				LastSwiftUpdateCheck = 0830;
				LastUpgradeCheck = 0830;
				ORGANIZATIONNAME = Splash;
				TargetAttributes = {
					AD9FA8011ED478BC00FBEE88 = {
						CreatedOnToolsVersion = 8.3.2;
						DevelopmentTeam = B22C3P93TG;
						ProvisioningStyle = Automatic;
					};
				};
			};
			buildConfigurationList = AD9FA7FD1ED478BC00FBEE88 /* Build configuration list for PBXProject "Splash" */;
			compatibilityVersion = "Xcode 3.2";
			developmentRegion = English;
			hasScannedForEncodings = 0;
			knownRegions = (
				en,
				Base,
			);
			mainGroup = AD9FA7F91ED478BC00FBEE88;
			productRefGroup = AD9FA8031ED478BC00FBEE88 /* Products */;
			projectDirPath = "";
			projectReferences = (
				{
					ProductGroup = AD502F3A1ED5D0E6002BDAD6 /* Products */;
					ProjectRef = AD502F391ED5D0E6002BDAD6 /* Core.xcodeproj */;
				},
			);
			projectRoot = "";
			targets = (
				AD9FA8011ED478BC00FBEE88 /* Splash */,
			);
		};
/* End PBXProject section */

/* Begin PBXReferenceProxy section */
		AD502F3F1ED5D0E6002BDAD6 /* Core.framework */ = {
			isa = PBXReferenceProxy;
			fileType = wrapper.framework;
			path = Core.framework;
			remoteRef = AD502F3E1ED5D0E6002BDAD6 /* PBXContainerItemProxy */;
			sourceTree = BUILT_PRODUCTS_DIR;
		};
		AD502F411ED5D0E6002BDAD6 /* CoreTests.xctest */ = {
			isa = PBXReferenceProxy;
			fileType = wrapper.cfbundle;
			path = CoreTests.xctest;
			remoteRef = AD502F401ED5D0E6002BDAD6 /* PBXContainerItemProxy */;
			sourceTree = BUILT_PRODUCTS_DIR;
		};
/* End PBXReferenceProxy section */

/* Begin PBXResourcesBuildPhase section */
		AD9FA8001ED478BC00FBEE88 /* Resources */ = {
			isa = PBXResourcesBuildPhase;
			buildActionMask = 2147483647;
			files = (
				AD9FA8101ED478BC00FBEE88 /* LaunchScreen.storyboard in Resources */,
				AD9FA80D1ED478BC00FBEE88 /* Assets.xcassets in Resources */,
				AD9FA80B1ED478BC00FBEE88 /* Main.storyboard in Resources */,
			);
			runOnlyForDeploymentPostprocessing = 0;
		};
/* End PBXResourcesBuildPhase section */

/* Begin PBXShellScriptBuildPhase section */
		01EA5B65860059D4271E58F4 /* [CP] Copy Pods Resources */ = {
			isa = PBXShellScriptBuildPhase;
			buildActionMask = 2147483647;
			files = (
			);
			inputPaths = (
			);
			name = "[CP] Copy Pods Resources";
			outputPaths = (
			);
			runOnlyForDeploymentPostprocessing = 0;
			shellPath = /bin/sh;
			shellScript = "\"${SRCROOT}/Pods/Target Support Files/Pods-Splash/Pods-Splash-resources.sh\"\n";
			showEnvVarsInLog = 0;
		};
		805CCC7921F31BA1C49B1B4F /* [CP] Check Pods Manifest.lock */ = {
			isa = PBXShellScriptBuildPhase;
			buildActionMask = 2147483647;
			files = (
			);
			inputPaths = (
			);
			name = "[CP] Check Pods Manifest.lock";
			outputPaths = (
			);
			runOnlyForDeploymentPostprocessing = 0;
			shellPath = /bin/sh;
			shellScript = "diff \"${PODS_PODFILE_DIR_PATH}/Podfile.lock\" \"${PODS_ROOT}/Manifest.lock\" > /dev/null\nif [ $? != 0 ] ; then\n    # print error to STDERR\n    echo \"error: The sandbox is not in sync with the Podfile.lock. Run 'pod install' or update your CocoaPods installation.\" >&2\n    exit 1\nfi\n";
			showEnvVarsInLog = 0;
		};
		D27CE2230559A3C2CBBC4C39 /* [CP] Embed Pods Frameworks */ = {
			isa = PBXShellScriptBuildPhase;
			buildActionMask = 2147483647;
			files = (
			);
			inputPaths = (
			);
			name = "[CP] Embed Pods Frameworks";
			outputPaths = (
			);
			runOnlyForDeploymentPostprocessing = 0;
			shellPath = /bin/sh;
			shellScript = "\"${SRCROOT}/Pods/Target Support Files/Pods-Splash/Pods-Splash-frameworks.sh\"\n";
			showEnvVarsInLog = 0;
		};
/* End PBXShellScriptBuildPhase section */

/* Begin PBXSourcesBuildPhase section */
		AD9FA7FE1ED478BC00FBEE88 /* Sources */ = {
			isa = PBXSourcesBuildPhase;
			buildActionMask = 2147483647;
			files = (
				AD9FA8081ED478BC00FBEE88 /* ViewController.swift in Sources */,
				AD9FA8061ED478BC00FBEE88 /* AppDelegate.swift in Sources */,
			);
			runOnlyForDeploymentPostprocessing = 0;
		};
/* End PBXSourcesBuildPhase section */

/* Begin PBXTargetDependency section */
		AD502F491ED5D10F002BDAD6 /* PBXTargetDependency */ = {
			isa = PBXTargetDependency;
			name = Core;
			targetProxy = AD502F481ED5D10F002BDAD6 /* PBXContainerItemProxy */;
		};
/* End PBXTargetDependency section */

/* Begin PBXVariantGroup section */
		AD9FA8091ED478BC00FBEE88 /* Main.storyboard */ = {
			isa = PBXVariantGroup;
			children = (
				AD9FA80A1ED478BC00FBEE88 /* Base */,
			);
			name = Main.storyboard;
			sourceTree = "<group>";
		};
		AD9FA80E1ED478BC00FBEE88 /* LaunchScreen.storyboard */ = {
			isa = PBXVariantGroup;
			children = (
				AD9FA80F1ED478BC00FBEE88 /* Base */,
			);
			name = LaunchScreen.storyboard;
			sourceTree = "<group>";
		};
/* End PBXVariantGroup section */

/* Begin XCBuildConfiguration section */
		AD9FA8121ED478BC00FBEE88 /* Debug */ = {
			isa = XCBuildConfiguration;
			buildSettings = {
				ALWAYS_SEARCH_USER_PATHS = NO;
				CLANG_ANALYZER_NONNULL = YES;
				CLANG_ANALYZER_NUMBER_OBJECT_CONVERSION = YES_AGGRESSIVE;
				CLANG_CXX_LANGUAGE_STANDARD = "gnu++0x";
				CLANG_CXX_LIBRARY = "libc++";
				CLANG_ENABLE_MODULES = YES;
				CLANG_ENABLE_OBJC_ARC = YES;
				CLANG_WARN_BOOL_CONVERSION = YES;
				CLANG_WARN_CONSTANT_CONVERSION = YES;
				CLANG_WARN_DIRECT_OBJC_ISA_USAGE = YES_ERROR;
				CLANG_WARN_DOCUMENTATION_COMMENTS = YES;
				CLANG_WARN_EMPTY_BODY = YES;
				CLANG_WARN_ENUM_CONVERSION = YES;
				CLANG_WARN_INFINITE_RECURSION = YES;
				CLANG_WARN_INT_CONVERSION = YES;
				CLANG_WARN_OBJC_ROOT_CLASS = YES_ERROR;
				CLANG_WARN_SUSPICIOUS_MOVE = YES;
				CLANG_WARN_UNREACHABLE_CODE = YES;
				CLANG_WARN__DUPLICATE_METHOD_MATCH = YES;
				"CODE_SIGN_IDENTITY[sdk=iphoneos*]" = "iPhone Developer";
				COPY_PHASE_STRIP = NO;
				DEBUG_INFORMATION_FORMAT = dwarf;
				ENABLE_STRICT_OBJC_MSGSEND = YES;
				ENABLE_TESTABILITY = YES;
				GCC_C_LANGUAGE_STANDARD = gnu99;
				GCC_DYNAMIC_NO_PIC = NO;
				GCC_NO_COMMON_BLOCKS = YES;
				GCC_OPTIMIZATION_LEVEL = 0;
				GCC_PREPROCESSOR_DEFINITIONS = (
					"DEBUG=1",
					"$(inherited)",
				);
				GCC_WARN_64_TO_32_BIT_CONVERSION = YES;
				GCC_WARN_ABOUT_RETURN_TYPE = YES_ERROR;
				GCC_WARN_UNDECLARED_SELECTOR = YES;
				GCC_WARN_UNINITIALIZED_AUTOS = YES_AGGRESSIVE;
				GCC_WARN_UNUSED_FUNCTION = YES;
				GCC_WARN_UNUSED_VARIABLE = YES;
				IPHONEOS_DEPLOYMENT_TARGET = 10.3;
				MTL_ENABLE_DEBUG_INFO = YES;
				ONLY_ACTIVE_ARCH = YES;
				SDKROOT = iphoneos;
				SWIFT_ACTIVE_COMPILATION_CONDITIONS = DEBUG;
				SWIFT_OPTIMIZATION_LEVEL = "-Onone";
				TARGETED_DEVICE_FAMILY = 2;
			};
			name = Debug;
		};
		AD9FA8131ED478BC00FBEE88 /* Release */ = {
			isa = XCBuildConfiguration;
			buildSettings = {
				ALWAYS_SEARCH_USER_PATHS = NO;
				CLANG_ANALYZER_NONNULL = YES;
				CLANG_ANALYZER_NUMBER_OBJECT_CONVERSION = YES_AGGRESSIVE;
				CLANG_CXX_LANGUAGE_STANDARD = "gnu++0x";
				CLANG_CXX_LIBRARY = "libc++";
				CLANG_ENABLE_MODULES = YES;
				CLANG_ENABLE_OBJC_ARC = YES;
				CLANG_WARN_BOOL_CONVERSION = YES;
				CLANG_WARN_CONSTANT_CONVERSION = YES;
				CLANG_WARN_DIRECT_OBJC_ISA_USAGE = YES_ERROR;
				CLANG_WARN_DOCUMENTATION_COMMENTS = YES;
				CLANG_WARN_EMPTY_BODY = YES;
				CLANG_WARN_ENUM_CONVERSION = YES;
				CLANG_WARN_INFINITE_RECURSION = YES;
				CLANG_WARN_INT_CONVERSION = YES;
				CLANG_WARN_OBJC_ROOT_CLASS = YES_ERROR;
				CLANG_WARN_SUSPICIOUS_MOVE = YES;
				CLANG_WARN_UNREACHABLE_CODE = YES;
				CLANG_WARN__DUPLICATE_METHOD_MATCH = YES;
				"CODE_SIGN_IDENTITY[sdk=iphoneos*]" = "iPhone Developer";
				COPY_PHASE_STRIP = NO;
				DEBUG_INFORMATION_FORMAT = "dwarf-with-dsym";
				ENABLE_NS_ASSERTIONS = NO;
				ENABLE_STRICT_OBJC_MSGSEND = YES;
				GCC_C_LANGUAGE_STANDARD = gnu99;
				GCC_NO_COMMON_BLOCKS = YES;
				GCC_WARN_64_TO_32_BIT_CONVERSION = YES;
				GCC_WARN_ABOUT_RETURN_TYPE = YES_ERROR;
				GCC_WARN_UNDECLARED_SELECTOR = YES;
				GCC_WARN_UNINITIALIZED_AUTOS = YES_AGGRESSIVE;
				GCC_WARN_UNUSED_FUNCTION = YES;
				GCC_WARN_UNUSED_VARIABLE = YES;
				IPHONEOS_DEPLOYMENT_TARGET = 10.3;
				MTL_ENABLE_DEBUG_INFO = NO;
				SDKROOT = iphoneos;
				SWIFT_OPTIMIZATION_LEVEL = "-Owholemodule";
				TARGETED_DEVICE_FAMILY = 2;
				VALIDATE_PRODUCT = YES;
			};
			name = Release;
		};
		AD9FA8151ED478BC00FBEE88 /* Debug */ = {
			isa = XCBuildConfiguration;
			baseConfigurationReference = DAAEBB29B790A51D9900D5A2 /* Pods-Splash.debug.xcconfig */;
			buildSettings = {
				ALWAYS_EMBED_SWIFT_STANDARD_LIBRARIES = YES;
				ASSETCATALOG_COMPILER_APPICON_NAME = AppIcon;
				DEVELOPMENT_TEAM = B22C3P93TG;
				INFOPLIST_FILE = Splash/Info.plist;
				LD_RUNPATH_SEARCH_PATHS = "$(inherited) @executable_path/Frameworks";
				PRODUCT_BUNDLE_IDENTIFIER = com.zen.Splash;
				PRODUCT_NAME = "$(TARGET_NAME)";
				SWIFT_VERSION = 3.0;
			};
			name = Debug;
		};
		AD9FA8161ED478BC00FBEE88 /* Release */ = {
			isa = XCBuildConfiguration;
			baseConfigurationReference = 62B3ECC0BBD1DC51439066BA /* Pods-Splash.release.xcconfig */;
			buildSettings = {
				ALWAYS_EMBED_SWIFT_STANDARD_LIBRARIES = YES;
				ASSETCATALOG_COMPILER_APPICON_NAME = AppIcon;
				DEVELOPMENT_TEAM = B22C3P93TG;
				INFOPLIST_FILE = Splash/Info.plist;
				LD_RUNPATH_SEARCH_PATHS = "$(inherited) @executable_path/Frameworks";
				PRODUCT_BUNDLE_IDENTIFIER = com.zen.Splash;
				PRODUCT_NAME = "$(TARGET_NAME)";
				SWIFT_VERSION = 3.0;
			};
			name = Release;
		};
/* End XCBuildConfiguration section */

/* Begin XCConfigurationList section */
		AD9FA7FD1ED478BC00FBEE88 /* Build configuration list for PBXProject "Splash" */ = {
			isa = XCConfigurationList;
			buildConfigurations = (
				AD9FA8121ED478BC00FBEE88 /* Debug */,
				AD9FA8131ED478BC00FBEE88 /* Release */,
			);
			defaultConfigurationIsVisible = 0;
			defaultConfigurationName = Release;
		};
		AD9FA8141ED478BC00FBEE88 /* Build configuration list for PBXNativeTarget "Splash" */ = {
			isa = XCConfigurationList;
			buildConfigurations = (
				AD9FA8151ED478BC00FBEE88 /* Debug */,
				AD9FA8161ED478BC00FBEE88 /* Release */,
			);
			defaultConfigurationIsVisible = 0;
			defaultConfigurationName = Release;
		};
/* End XCConfigurationList section */
	};
	rootObject = AD9FA7FA1ED478BC00FBEE88 /* Project object */;
}
